
Microsoft Visual Studio Solution File, Format Version 12.00
# Visual Studio Version 17
VisualStudioVersion = 17.10.35027.167
MinimumVisualStudioVersion = 10.0.40219.1
Project("{9A19103F-16F7-4668-BE54-9A1E7A4F7556}") = "SmartPaperUI", "SmartPaperUI\SmartPaperUI.csproj", "{92885956-A2FC-4433-AC65-80A92CE5EDD6}"
	ProjectSection(ProjectDependencies) = postProject
		{AF3165B4-01E7-4AC3-8D57-B3AC083DF1E5} = {AF3165B4-01E7-4AC3-8D57-B3AC083DF1E5}
		{DBDFE368-1203-4359-917E-FEF77DEF6371} = {DBDFE368-1203-4359-917E-FEF77DEF6371}
	EndProjectSection
EndProject
Project("{9A19103F-16F7-4668-BE54-9A1E7A4F7556}") = "SmartPaperLib", "SmartPaperLib\SmartPaperLib.csproj", "{DBDFE368-1203-4359-917E-FEF77DEF6371}"
EndProject
Project("{FAE04EC0-301F-11D3-BF4B-00C04F79EFBC}") = "SmartPaperExample", "SmartPaperExample\SmartPaperExample.csproj", "{AF3165B4-01E7-4AC3-8D57-B3AC083DF1E5}"
EndProject
Global
	GlobalSection(SolutionConfigurationPlatforms) = preSolution
		Debug|Any CPU = Debug|Any CPU
		Release|Any CPU = Release|Any CPU
	EndGlobalSection
	GlobalSection(ProjectConfigurationPlatforms) = postSolution
		{92885956-A2FC-4433-AC65-80A92CE5EDD6}.Debug|Any CPU.ActiveCfg = Debug|Any CPU
		{92885956-A2FC-4433-AC65-80A92CE5EDD6}.Debug|Any CPU.Build.0 = Debug|Any CPU
		{92885956-A2FC-4433-AC65-80A92CE5EDD6}.Release|Any CPU.ActiveCfg = Release|Any CPU
		{92885956-A2FC-4433-AC65-80A92CE5EDD6}.Release|Any CPU.Build.0 = Release|Any CPU
		{DBDFE368-1203-4359-917E-FEF77DEF6371}.Debug|Any CPU.ActiveCfg = Debug|Any CPU
		{DBDFE368-1203-4359-917E-FEF77DEF6371}.Debug|Any CPU.Build.0 = Debug|Any CPU
		{DBDFE368-1203-4359-917E-FEF77DEF6371}.Release|Any CPU.ActiveCfg = Release|Any CPU
		{DBDFE368-1203-4359-917E-FEF77DEF6371}.Release|Any CPU.Build.0 = Release|Any CPU
		{AF3165B4-01E7-4AC3-8D57-B3AC083DF1E5}.Debug|Any CPU.ActiveCfg = Debug|Any CPU
		{AF3165B4-01E7-4AC3-8D57-B3AC083DF1E5}.Debug|Any CPU.Build.0 = Debug|Any CPU
		{AF3165B4-01E7-4AC3-8D57-B3AC083DF1E5}.Release|Any CPU.ActiveCfg = Release|Any CPU
		{AF3165B4-01E7-4AC3-8D57-B3AC083DF1E5}.Release|Any CPU.Build.0 = Release|Any CPU
	EndGlobalSection
	GlobalSection(SolutionProperties) = preSolution
		HideSolutionNode = FALSE
	EndGlobalSection
	GlobalSection(ExtensibilityGlobals) = postSolution
		SolutionGuid = {A2C26281-54FF-44DE-B3B0-59676B1EE604}
	EndGlobalSection
EndGlobal
